
Microsoft Visual Studio Solution File, Format Version 12.00
# Visual Studio 14
VisualStudioVersion = 14.0.23107.0
MinimumVisualStudioVersion = 10.0.40219.1
Project("{2150E333-8FDC-42A3-9474-1A3956D46DE8}") = "src", "src", "{C4B10222-F571-45D9-9B02-B1661F24BE5E}"
EndProject
Project("{2150E333-8FDC-42A3-9474-1A3956D46DE8}") = "Solution Items", "Solution Items", "{EBB8087A-6E3D-495C-B212-BB88F8EBACB2}"
	ProjectSection(SolutionItems) = preProject
		global.json = global.json
	EndProjectSection
EndProject
Project("{8BB2217D-0F2D-49D1-97BC-3654ED321F3B}") = "CalendarGraph", "src\CalendarGraph\CalendarGraph.xproj", "{257E12E6-8153-4072-9632-26B27BA99DEA}"
EndProject
Project("{8BB2217D-0F2D-49D1-97BC-3654ED321F3B}") = "Utils", "src\Utils\Utils.xproj", "{F8FA13CE-C0DA-49B3-A518-8B42489810A4}"
EndProject
Project("{8BB2217D-0F2D-49D1-97BC-3654ED321F3B}") = "Core", "src\Core\Core.xproj", "{5D933E5C-52D6-4F20-8C44-837D74002F5F}"
EndProject
Project("{FAE04EC0-301F-11D3-BF4B-00C04F79EFBC}") = "Win32Launcher", "Win32Launcher\Win32Launcher.csproj", "{DAAFF127-A9E8-4BD4-B3E4-1908CD2A8625}"
EndProject
Global
	GlobalSection(SolutionConfigurationPlatforms) = preSolution
		Debug|Any CPU = Debug|Any CPU
		Release|Any CPU = Release|Any CPU
	EndGlobalSection
	GlobalSection(ProjectConfigurationPlatforms) = postSolution
		{257E12E6-8153-4072-9632-26B27BA99DEA}.Debug|Any CPU.ActiveCfg = Debug|Any CPU
		{257E12E6-8153-4072-9632-26B27BA99DEA}.Debug|Any CPU.Build.0 = Debug|Any CPU
		{257E12E6-8153-4072-9632-26B27BA99DEA}.Release|Any CPU.ActiveCfg = Release|Any CPU
		{257E12E6-8153-4072-9632-26B27BA99DEA}.Release|Any CPU.Build.0 = Release|Any CPU
		{F8FA13CE-C0DA-49B3-A518-8B42489810A4}.Debug|Any CPU.ActiveCfg = Debug|Any CPU
		{F8FA13CE-C0DA-49B3-A518-8B42489810A4}.Debug|Any CPU.Build.0 = Debug|Any CPU
		{F8FA13CE-C0DA-49B3-A518-8B42489810A4}.Release|Any CPU.ActiveCfg = Release|Any CPU
		{F8FA13CE-C0DA-49B3-A518-8B42489810A4}.Release|Any CPU.Build.0 = Release|Any CPU
		{5D933E5C-52D6-4F20-8C44-837D74002F5F}.Debug|Any CPU.ActiveCfg = Debug|Any CPU
		{5D933E5C-52D6-4F20-8C44-837D74002F5F}.Debug|Any CPU.Build.0 = Debug|Any CPU
		{5D933E5C-52D6-4F20-8C44-837D74002F5F}.Release|Any CPU.ActiveCfg = Release|Any CPU
		{5D933E5C-52D6-4F20-8C44-837D74002F5F}.Release|Any CPU.Build.0 = Release|Any CPU
		{DAAFF127-A9E8-4BD4-B3E4-1908CD2A8625}.Debug|Any CPU.ActiveCfg = Debug|Any CPU
		{DAAFF127-A9E8-4BD4-B3E4-1908CD2A8625}.Debug|Any CPU.Build.0 = Debug|Any CPU
		{DAAFF127-A9E8-4BD4-B3E4-1908CD2A8625}.Release|Any CPU.ActiveCfg = Release|Any CPU
		{DAAFF127-A9E8-4BD4-B3E4-1908CD2A8625}.Release|Any CPU.Build.0 = Release|Any CPU
	EndGlobalSection
	GlobalSection(SolutionProperties) = preSolution
		HideSolutionNode = FALSE
	EndGlobalSection
	GlobalSection(NestedProjects) = preSolution
		{257E12E6-8153-4072-9632-26B27BA99DEA} = {C4B10222-F571-45D9-9B02-B1661F24BE5E}
		{F8FA13CE-C0DA-49B3-A518-8B42489810A4} = {C4B10222-F571-45D9-9B02-B1661F24BE5E}
		{5D933E5C-52D6-4F20-8C44-837D74002F5F} = {C4B10222-F571-45D9-9B02-B1661F24BE5E}
		{DAAFF127-A9E8-4BD4-B3E4-1908CD2A8625} = {C4B10222-F571-45D9-9B02-B1661F24BE5E}
	EndGlobalSection
EndGlobal
