
Microsoft Visual Studio Solution File, Format Version 12.00
# Visual Studio 2012
Project("{FAE04EC0-301F-11D3-BF4B-00C04F79EFBC}") = "AECSCore", "AECSCore.csproj", "{E06DE01F-06AD-4153-86A4-D1B30954C8A9}"
EndProject
Global
	GlobalSection(SolutionConfigurationPlatforms) = preSolution
		Debug|Any CPU = Debug|Any CPU
		Release|Any CPU = Release|Any CPU
	EndGlobalSection
	GlobalSection(ProjectConfigurationPlatforms) = postSolution
		{E06DE01F-06AD-4153-86A4-D1B30954C8A9}.Debug|Any CPU.ActiveCfg = Debug|Any CPU
		{E06DE01F-06AD-4153-86A4-D1B30954C8A9}.Debug|Any CPU.Build.0 = Debug|Any CPU
		{E06DE01F-06AD-4153-86A4-D1B30954C8A9}.Release|Any CPU.ActiveCfg = Release|Any CPU
		{E06DE01F-06AD-4153-86A4-D1B30954C8A9}.Release|Any CPU.Build.0 = Release|Any CPU
	EndGlobalSection
	GlobalSection(SolutionProperties) = preSolution
		HideSolutionNode = FALSE
	EndGlobalSection
EndGlobal
